{
  "pins" : [
    {
      "identity" : "ribbon-ios",
      "kind" : "remoteSourceControl",
      "location" : "https://github.com/ribbontechnologies/ribbon-ios",
      "state" : {
        "branch" : "main",
        "revision" : "a03a15d6e8cae27c62242e3709ab2ad9cc06a1c4"
      }
    }
  ],
  "version" : 2
}
