{
  "pins" : [
    {
      "identity" : "ribbon-ios",
      "kind" : "remoteSourceControl",
      "location" : "https://github.com/ribbontechnologies/ribbon-ios",
      "state" : {
        "branch" : "main",
        "revision" : "4aecfbfdd6bfc4138c57b7c26719bff2da7415a7"
      }
    }
  ],
  "version" : 2
}
