{
  "pins" : [
    {
      "identity" : "ribbon-ios",
      "kind" : "remoteSourceControl",
      "location" : "https://github.com/ribbontechnologies/ribbon-ios",
      "state" : {
        "branch" : "main",
        "revision" : "ded7dac82ef16482f5d75f506dfcd3aa8b64ce16"
      }
    }
  ],
  "version" : 2
}
