{
  "pins" : [
    {
      "identity" : "ribbon-ios",
      "kind" : "remoteSourceControl",
      "location" : "https://github.com/ribbontechnologies/ribbon-ios",
      "state" : {
        "branch" : "main",
        "revision" : "dc7347401443b372e1870fe90bf3c6499d5c99a2"
      }
    }
  ],
  "version" : 2
}
