{
  "pins" : [
    {
      "identity" : "ribbon-ios",
      "kind" : "remoteSourceControl",
      "location" : "https://github.com/ribbontechnologies/ribbon-ios",
      "state" : {
        "branch" : "main",
        "revision" : "7e630a9159f3e1fc789d43bf65d2050ffd9dc208"
      }
    }
  ],
  "version" : 2
}
