{
  "pins" : [
    {
      "identity" : "ribbon-ios",
      "kind" : "remoteSourceControl",
      "location" : "https://github.com/ribbontechnologies/ribbon-ios",
      "state" : {
        "branch" : "main",
        "revision" : "3126932ab8d0554b7b4d523a2fdd58c3c9bb81f5"
      }
    }
  ],
  "version" : 2
}
